// !$*UTF8*$!
{
	archiveVersion = 1;
	classes = {
	};
	objectVersion = 55;
	objects = {

/* Begin PBXBuildFile section */
		D357250F2786E7E500AE5553 /* AppDelegate.swift in Sources */ = {isa = PBXBuildFile; fileRef = D357250E2786E7E500AE5553 /* AppDelegate.swift */; };
		D35725112786E7E500AE5553 /* SceneDelegate.swift in Sources */ = {isa = PBXBuildFile; fileRef = D35725102786E7E500AE5553 /* SceneDelegate.swift */; };
		D35725162786E7E500AE5553 /* Main.storyboard in Resources */ = {isa = PBXBuildFile; fileRef = D35725142786E7E500AE5553 /* Main.storyboard */; };
		D35725182786E7E600AE5553 /* Assets.xcassets in Resources */ = {isa = PBXBuildFile; fileRef = D35725172786E7E600AE5553 /* Assets.xcassets */; };
		D357251B2786E7E600AE5553 /* LaunchScreen.storyboard in Resources */ = {isa = PBXBuildFile; fileRef = D35725192786E7E600AE5553 /* LaunchScreen.storyboard */; };
		D3C3458027870EEC001966AD /* CocktailsListViewController.swift in Sources */ = {isa = PBXBuildFile; fileRef = D3C3457F27870EEC001966AD /* CocktailsListViewController.swift */; };
		D3C3458627874498001966AD /* DescriptionsCocktailsViewController.swift in Sources */ = {isa = PBXBuildFile; fileRef = D3C3458527874498001966AD /* DescriptionsCocktailsViewController.swift */; };
		D3C3458827875BD4001966AD /* CocktailModel.swift in Sources */ = {isa = PBXBuildFile; fileRef = D3C3458727875BD4001966AD /* CocktailModel.swift */; };
		D3C3458D278B006B001966AD /* IngridientsListTableViewController.swift in Sources */ = {isa = PBXBuildFile; fileRef = D3C3458C278B006B001966AD /* IngridientsListTableViewController.swift */; };
		D3C3458F278B00B5001966AD /* IngridientViewController.swift in Sources */ = {isa = PBXBuildFile; fileRef = D3C3458E278B00B5001966AD /* IngridientViewController.swift */; };
/* End PBXBuildFile section */

/* Begin PBXFileReference section */
		D357250B2786E7E500AE5553 /* Cocktails.app */ = {isa = PBXFileReference; explicitFileType = wrapper.application; includeInIndex = 0; path = Cocktails.app; sourceTree = BUILT_PRODUCTS_DIR; };
		D357250E2786E7E500AE5553 /* AppDelegate.swift */ = {isa = PBXFileReference; lastKnownFileType = sourcecode.swift; path = AppDelegate.swift; sourceTree = "<group>"; };
		D35725102786E7E500AE5553 /* SceneDelegate.swift */ = {isa = PBXFileReference; lastKnownFileType = sourcecode.swift; path = SceneDelegate.swift; sourceTree = "<group>"; };
		D35725152786E7E500AE5553 /* Base */ = {isa = PBXFileReference; lastKnownFileType = file.storyboard; name = Base; path = Base.lproj/Main.storyboard; sourceTree = "<group>"; };
		D35725172786E7E600AE5553 /* Assets.xcassets */ = {isa = PBXFileReference; lastKnownFileType = folder.assetcatalog; path = Assets.xcassets; sourceTree = "<group>"; };
		D357251A2786E7E600AE5553 /* Base */ = {isa = PBXFileReference; lastKnownFileType = file.storyboard; name = Base; path = Base.lproj/LaunchScreen.storyboard; sourceTree = "<group>"; };
		D357251C2786E7E600AE5553 /* Info.plist */ = {isa = PBXFileReference; lastKnownFileType = text.plist.xml; path = Info.plist; sourceTree = "<group>"; };
		D3C3457F27870EEC001966AD /* CocktailsListViewController.swift */ = {isa = PBXFileReference; lastKnownFileType = sourcecode.swift; path = CocktailsListViewController.swift; sourceTree = "<group>"; };
		D3C3458527874498001966AD /* DescriptionsCocktailsViewController.swift */ = {isa = PBXFileReference; lastKnownFileType = sourcecode.swift; path = DescriptionsCocktailsViewController.swift; sourceTree = "<group>"; };
		D3C3458727875BD4001966AD /* CocktailModel.swift */ = {isa = PBXFileReference; lastKnownFileType = sourcecode.swift; path = CocktailModel.swift; sourceTree = "<group>"; };
		D3C3458C278B006B001966AD /* IngridientsListTableViewController.swift */ = {isa = PBXFileReference; lastKnownFileType = sourcecode.swift; path = IngridientsListTableViewController.swift; sourceTree = "<group>"; };
		D3C3458E278B00B5001966AD /* IngridientViewController.swift */ = {isa = PBXFileReference; lastKnownFileType = sourcecode.swift; path = IngridientViewController.swift; sourceTree = "<group>"; };
/* End PBXFileReference section */

/* Begin PBXFrameworksBuildPhase section */
		D35725082786E7E500AE5553 /* Frameworks */ = {
			isa = PBXFrameworksBuildPhase;
			buildActionMask = 2147483647;
			files = (
			);
			runOnlyForDeploymentPostprocessing = 0;
		};
/* End PBXFrameworksBuildPhase section */

/* Begin PBXGroup section */
		D35725022786E7E500AE5553 = {
			isa = PBXGroup;
			children = (
				D357250D2786E7E500AE5553 /* Cocktails */,
				D357250C2786E7E500AE5553 /* Products */,
			);
			sourceTree = "<group>";
		};
		D357250C2786E7E500AE5553 /* Products */ = {
			isa = PBXGroup;
			children = (
				D357250B2786E7E500AE5553 /* Cocktails.app */,
			);
			name = Products;
			sourceTree = "<group>";
		};
		D357250D2786E7E500AE5553 /* Cocktails */ = {
			isa = PBXGroup;
			children = (
				D3C3458A278764FC001966AD /* ViewControllers */,
				D3C345772786F0D7001966AD /* Models */,
				D3C345792786F103001966AD /* StoryBoards */,
				D3C345892787634E001966AD /* SupportFiles */,
				D3C3457B2786F12A001966AD /* Resources */,
			);
			path = Cocktails;
			sourceTree = "<group>";
		};
		D3C345772786F0D7001966AD /* Models */ = {
			isa = PBXGroup;
			children = (
				D3C3458727875BD4001966AD /* CocktailModel.swift */,
			);
			path = Models;
			sourceTree = "<group>";
		};
		D3C345792786F103001966AD /* StoryBoards */ = {
			isa = PBXGroup;
			children = (
				D35725142786E7E500AE5553 /* Main.storyboard */,
				D35725192786E7E600AE5553 /* LaunchScreen.storyboard */,
			);
			path = StoryBoards;
			sourceTree = "<group>";
		};
		D3C3457B2786F12A001966AD /* Resources */ = {
			isa = PBXGroup;
			children = (
				D35725172786E7E600AE5553 /* Assets.xcassets */,
			);
			path = Resources;
			sourceTree = "<group>";
		};
		D3C345892787634E001966AD /* SupportFiles */ = {
			isa = PBXGroup;
			children = (
				D357251C2786E7E600AE5553 /* Info.plist */,
				D357250E2786E7E500AE5553 /* AppDelegate.swift */,
				D35725102786E7E500AE5553 /* SceneDelegate.swift */,
			);
			path = SupportFiles;
			sourceTree = "<group>";
		};
		D3C3458A278764FC001966AD /* ViewControllers */ = {
			isa = PBXGroup;
			children = (
				D3C3457F27870EEC001966AD /* CocktailsListViewController.swift */,
				D3C3458527874498001966AD /* DescriptionsCocktailsViewController.swift */,
				D3C3458C278B006B001966AD /* IngridientsListTableViewController.swift */,
				D3C3458E278B00B5001966AD /* IngridientViewController.swift */,
			);
			path = ViewControllers;
			sourceTree = "<group>";
		};
/* End PBXGroup section */

/* Begin PBXNativeTarget section */
		D357250A2786E7E500AE5553 /* Cocktails */ = {
			isa = PBXNativeTarget;
			buildConfigurationList = D357251F2786E7E600AE5553 /* Build configuration list for PBXNativeTarget "Cocktails" */;
			buildPhases = (
				D35725072786E7E500AE5553 /* Sources */,
				D35725082786E7E500AE5553 /* Frameworks */,
				D35725092786E7E500AE5553 /* Resources */,
			);
			buildRules = (
			);
			dependencies = (
			);
			name = Cocktails;
			productName = Cocktails;
			productReference = D357250B2786E7E500AE5553 /* Cocktails.app */;
			productType = "com.apple.product-type.application";
		};
/* End PBXNativeTarget section */

/* Begin PBXProject section */
		D35725032786E7E500AE5553 /* Project object */ = {
			isa = PBXProject;
			attributes = {
				BuildIndependentTargetsInParallel = 1;
				LastSwiftUpdateCheck = 1310;
				LastUpgradeCheck = 1310;
				TargetAttributes = {
					D357250A2786E7E500AE5553 = {
						CreatedOnToolsVersion = 13.1;
					};
				};
			};
			buildConfigurationList = D35725062786E7E500AE5553 /* Build configuration list for PBXProject "Cocktails" */;
			compatibilityVersion = "Xcode 13.0";
			developmentRegion = en;
			hasScannedForEncodings = 0;
			knownRegions = (
				en,
				Base,
			);
			mainGroup = D35725022786E7E500AE5553;
			productRefGroup = D357250C2786E7E500AE5553 /* Products */;
			projectDirPath = "";
			projectRoot = "";
			targets = (
				D357250A2786E7E500AE5553 /* Cocktails */,
			);
		};
/* End PBXProject section */

/* Begin PBXResourcesBuildPhase section */
		D35725092786E7E500AE5553 /* Resources */ = {
			isa = PBXResourcesBuildPhase;
			buildActionMask = 2147483647;
			files = (
				D357251B2786E7E600AE5553 /* LaunchScreen.storyboard in Resources */,
				D35725182786E7E600AE5553 /* Assets.xcassets in Resources */,
				D35725162786E7E500AE5553 /* Main.storyboard in Resources */,
			);
			runOnlyForDeploymentPostprocessing = 0;
		};
/* End PBXResourcesBuildPhase section */

/* Begin PBXSourcesBuildPhase section */
		D35725072786E7E500AE5553 /* Sources */ = {
			isa = PBXSourcesBuildPhase;
			buildActionMask = 2147483647;
			files = (
				D357250F2786E7E500AE5553 /* AppDelegate.swift in Sources */,
				D3C3458827875BD4001966AD /* CocktailModel.swift in Sources */,
				D3C3458F278B00B5001966AD /* IngridientViewController.swift in Sources */,
				D3C3458627874498001966AD /* DescriptionsCocktailsViewController.swift in Sources */,
				D35725112786E7E500AE5553 /* SceneDelegate.swift in Sources */,
				D3C3458D278B006B001966AD /* IngridientsListTableViewController.swift in Sources */,
				D3C3458027870EEC001966AD /* CocktailsListViewController.swift in Sources */,
			);
			runOnlyForDeploymentPostprocessing = 0;
		};
/* End PBXSourcesBuildPhase section */

/* Begin PBXVariantGroup section */
		D35725142786E7E500AE5553 /* Main.storyboard */ = {
			isa = PBXVariantGroup;
			children = (
				D35725152786E7E500AE5553 /* Base */,
			);
			name = Main.storyboard;
			sourceTree = "<group>";
		};
		D35725192786E7E600AE5553 /* LaunchScreen.storyboard */ = {
			isa = PBXVariantGroup;
			children = (
				D357251A2786E7E600AE5553 /* Base */,
			);
			name = LaunchScreen.storyboard;
			sourceTree = "<group>";
		};
/* End PBXVariantGroup section */

/* Begin XCBuildConfiguration section */
		D357251D2786E7E600AE5553 /* Debug */ = {
			isa = XCBuildConfiguration;
			buildSettings = {
				ALWAYS_SEARCH_USER_PATHS = NO;
				CLANG_ANALYZER_NONNULL = YES;
				CLANG_ANALYZER_NUMBER_OBJECT_CONVERSION = YES_AGGRESSIVE;
				CLANG_CXX_LANGUAGE_STANDARD = "gnu++17";
				CLANG_CXX_LIBRARY = "libc++";
				CLANG_ENABLE_MODULES = YES;
				CLANG_ENABLE_OBJC_ARC = YES;
				CLANG_ENABLE_OBJC_WEAK = YES;
				CLANG_WARN_BLOCK_CAPTURE_AUTORELEASING = YES;
				CLANG_WARN_BOOL_CONVERSION = YES;
				CLANG_WARN_COMMA = YES;
				CLANG_WARN_CONSTANT_CONVERSION = YES;
				CLANG_WARN_DEPRECATED_OBJC_IMPLEMENTATIONS = YES;
				CLANG_WARN_DIRECT_OBJC_ISA_USAGE = YES_ERROR;
				CLANG_WARN_DOCUMENTATION_COMMENTS = YES;
				CLANG_WARN_EMPTY_BODY = YES;
				CLANG_WARN_ENUM_CONVERSION = YES;
				CLANG_WARN_INFINITE_RECURSION = YES;
				CLANG_WARN_INT_CONVERSION = YES;
				CLANG_WARN_NON_LITERAL_NULL_CONVERSION = YES;
				CLANG_WARN_OBJC_IMPLICIT_RETAIN_SELF = YES;
				CLANG_WARN_OBJC_LITERAL_CONVERSION = YES;
				CLANG_WARN_OBJC_ROOT_CLASS = YES_ERROR;
				CLANG_WARN_QUOTED_INCLUDE_IN_FRAMEWORK_HEADER = YES;
				CLANG_WARN_RANGE_LOOP_ANALYSIS = YES;
				CLANG_WARN_STRICT_PROTOTYPES = YES;
				CLANG_WARN_SUSPICIOUS_MOVE = YES;
				CLANG_WARN_UNGUARDED_AVAILABILITY = YES_AGGRESSIVE;
				CLANG_WARN_UNREACHABLE_CODE = YES;
				CLANG_WARN__DUPLICATE_METHOD_MATCH = YES;
				COPY_PHASE_STRIP = NO;
				DEBUG_INFORMATION_FORMAT = dwarf;
				ENABLE_STRICT_OBJC_MSGSEND = YES;
				ENABLE_TESTABILITY = YES;
				GCC_C_LANGUAGE_STANDARD = gnu11;
				GCC_DYNAMIC_NO_PIC = NO;
				GCC_NO_COMMON_BLOCKS = YES;
				GCC_OPTIMIZATION_LEVEL = 0;
				GCC_PREPROCESSOR_DEFINITIONS = (
					"DEBUG=1",
					"$(inherited)",
				);
				GCC_WARN_64_TO_32_BIT_CONVERSION = YES;
				GCC_WARN_ABOUT_RETURN_TYPE = YES_ERROR;
				GCC_WARN_UNDECLARED_SELECTOR = YES;
				GCC_WARN_UNINITIALIZED_AUTOS = YES_AGGRESSIVE;
				GCC_WARN_UNUSED_FUNCTION = YES;
				GCC_WARN_UNUSED_VARIABLE = YES;
				IPHONEOS_DEPLOYMENT_TARGET = 15.0;
				MTL_ENABLE_DEBUG_INFO = INCLUDE_SOURCE;
				MTL_FAST_MATH = YES;
				ONLY_ACTIVE_ARCH = YES;
				SDKROOT = iphoneos;
				SWIFT_ACTIVE_COMPILATION_CONDITIONS = DEBUG;
				SWIFT_OPTIMIZATION_LEVEL = "-Onone";
			};
			name = Debug;
		};
		D357251E2786E7E600AE5553 /* Release */ = {
			isa = XCBuildConfiguration;
			buildSettings = {
				ALWAYS_SEARCH_USER_PATHS = NO;
				CLANG_ANALYZER_NONNULL = YES;
				CLANG_ANALYZER_NUMBER_OBJECT_CONVERSION = YES_AGGRESSIVE;
				CLANG_CXX_LANGUAGE_STANDARD = "gnu++17";
				CLANG_CXX_LIBRARY = "libc++";
				CLANG_ENABLE_MODULES = YES;
				CLANG_ENABLE_OBJC_ARC = YES;
				CLANG_ENABLE_OBJC_WEAK = YES;
				CLANG_WARN_BLOCK_CAPTURE_AUTORELEASING = YES;
				CLANG_WARN_BOOL_CONVERSION = YES;
				CLANG_WARN_COMMA = YES;
				CLANG_WARN_CONSTANT_CONVERSION = YES;
				CLANG_WARN_DEPRECATED_OBJC_IMPLEMENTATIONS = YES;
				CLANG_WARN_DIRECT_OBJC_ISA_USAGE = YES_ERROR;
				CLANG_WARN_DOCUMENTATION_COMMENTS = YES;
				CLANG_WARN_EMPTY_BODY = YES;
				CLANG_WARN_ENUM_CONVERSION = YES;
				CLANG_WARN_INFINITE_RECURSION = YES;
				CLANG_WARN_INT_CONVERSION = YES;
				CLANG_WARN_NON_LITERAL_NULL_CONVERSION = YES;
				CLANG_WARN_OBJC_IMPLICIT_RETAIN_SELF = YES;
				CLANG_WARN_OBJC_LITERAL_CONVERSION = YES;
				CLANG_WARN_OBJC_ROOT_CLASS = YES_ERROR;
				CLANG_WARN_QUOTED_INCLUDE_IN_FRAMEWORK_HEADER = YES;
				CLANG_WARN_RANGE_LOOP_ANALYSIS = YES;
				CLANG_WARN_STRICT_PROTOTYPES = YES;
				CLANG_WARN_SUSPICIOUS_MOVE = YES;
				CLANG_WARN_UNGUARDED_AVAILABILITY = YES_AGGRESSIVE;
				CLANG_WARN_UNREACHABLE_CODE = YES;
				CLANG_WARN__DUPLICATE_METHOD_MATCH = YES;
				COPY_PHASE_STRIP = NO;
				DEBUG_INFORMATION_FORMAT = "dwarf-with-dsym";
				ENABLE_NS_ASSERTIONS = NO;
				ENABLE_STRICT_OBJC_MSGSEND = YES;
				GCC_C_LANGUAGE_STANDARD = gnu11;
				GCC_NO_COMMON_BLOCKS = YES;
				GCC_WARN_64_TO_32_BIT_CONVERSION = YES;
				GCC_WARN_ABOUT_RETURN_TYPE = YES_ERROR;
				GCC_WARN_UNDECLARED_SELECTOR = YES;
				GCC_WARN_UNINITIALIZED_AUTOS = YES_AGGRESSIVE;
				GCC_WARN_UNUSED_FUNCTION = YES;
				GCC_WARN_UNUSED_VARIABLE = YES;
				IPHONEOS_DEPLOYMENT_TARGET = 15.0;
				MTL_ENABLE_DEBUG_INFO = NO;
				MTL_FAST_MATH = YES;
				SDKROOT = iphoneos;
				SWIFT_COMPILATION_MODE = wholemodule;
				SWIFT_OPTIMIZATION_LEVEL = "-O";
				VALIDATE_PRODUCT = YES;
			};
			name = Release;
		};
		D35725202786E7E600AE5553 /* Debug */ = {
			isa = XCBuildConfiguration;
			buildSettings = {
				ASSETCATALOG_COMPILER_APPICON_NAME = AppIcon;
				ASSETCATALOG_COMPILER_GLOBAL_ACCENT_COLOR_NAME = AccentColor;
				CODE_SIGN_STYLE = Automatic;
				CURRENT_PROJECT_VERSION = 1;
				DEVELOPMENT_TEAM = PH742CML4S;
				GENERATE_INFOPLIST_FILE = YES;
				INFOPLIST_FILE = Cocktails/SupportFiles/Info.plist;
				INFOPLIST_KEY_UIApplicationSupportsIndirectInputEvents = YES;
				INFOPLIST_KEY_UILaunchStoryboardName = LaunchScreen;
				INFOPLIST_KEY_UIMainStoryboardFile = Main;
				INFOPLIST_KEY_UISupportedInterfaceOrientations_iPad = "UIInterfaceOrientationPortrait UIInterfaceOrientationPortraitUpsideDown UIInterfaceOrientationLandscapeLeft UIInterfaceOrientationLandscapeRight";
				INFOPLIST_KEY_UISupportedInterfaceOrientations_iPhone = "UIInterfaceOrientationPortrait UIInterfaceOrientationLandscapeLeft UIInterfaceOrientationLandscapeRight";
				LD_RUNPATH_SEARCH_PATHS = (
					"$(inherited)",
					"@executable_path/Frameworks",
				);
				MARKETING_VERSION = 1.0;
				PRODUCT_BUNDLE_IDENTIFIER = "ru.vasileva-ola.Cocktails";
				PRODUCT_NAME = "$(TARGET_NAME)";
				SWIFT_EMIT_LOC_STRINGS = YES;
				SWIFT_VERSION = 5.0;
				TARGETED_DEVICE_FAMILY = "1,2";
			};
			name = Debug;
		};
		D35725212786E7E600AE5553 /* Release */ = {
			isa = XCBuildConfiguration;
			buildSettings = {
				ASSETCATALOG_COMPILER_APPICON_NAME = AppIcon;
				ASSETCATALOG_COMPILER_GLOBAL_ACCENT_COLOR_NAME = AccentColor;
				CODE_SIGN_STYLE = Automatic;
				CURRENT_PROJECT_VERSION = 1;
				DEVELOPMENT_TEAM = PH742CML4S;
				GENERATE_INFOPLIST_FILE = YES;
				INFOPLIST_FILE = Cocktails/SupportFiles/Info.plist;
				INFOPLIST_KEY_UIApplicationSupportsIndirectInputEvents = YES;
				INFOPLIST_KEY_UILaunchStoryboardName = LaunchScreen;
				INFOPLIST_KEY_UIMainStoryboardFile = Main;
				INFOPLIST_KEY_UISupportedInterfaceOrientations_iPad = "UIInterfaceOrientationPortrait UIInterfaceOrientationPortraitUpsideDown UIInterfaceOrientationLandscapeLeft UIInterfaceOrientationLandscapeRight";
				INFOPLIST_KEY_UISupportedInterfaceOrientations_iPhone = "UIInterfaceOrientationPortrait UIInterfaceOrientationLandscapeLeft UIInterfaceOrientationLandscapeRight";
				LD_RUNPATH_SEARCH_PATHS = (
					"$(inherited)",
					"@executable_path/Frameworks",
				);
				MARKETING_VERSION = 1.0;
				PRODUCT_BUNDLE_IDENTIFIER = "ru.vasileva-ola.Cocktails";
				PRODUCT_NAME = "$(TARGET_NAME)";
				SWIFT_EMIT_LOC_STRINGS = YES;
				SWIFT_VERSION = 5.0;
				TARGETED_DEVICE_FAMILY = "1,2";
			};
			name = Release;
		};
/* End XCBuildConfiguration section */

/* Begin XCConfigurationList section */
		D35725062786E7E500AE5553 /* Build configuration list for PBXProject "Cocktails" */ = {
			isa = XCConfigurationList;
			buildConfigurations = (
				D357251D2786E7E600AE5553 /* Debug */,
				D357251E2786E7E600AE5553 /* Release */,
			);
			defaultConfigurationIsVisible = 0;
			defaultConfigurationName = Release;
		};
		D357251F2786E7E600AE5553 /* Build configuration list for PBXNativeTarget "Cocktails" */ = {
			isa = XCConfigurationList;
			buildConfigurations = (
				D35725202786E7E600AE5553 /* Debug */,
				D35725212786E7E600AE5553 /* Release */,
			);
			defaultConfigurationIsVisible = 0;
			defaultConfigurationName = Release;
		};
/* End XCConfigurationList section */
	};
	rootObject = D35725032786E7E500AE5553 /* Project object */;
}
